
Microsoft Visual Studio Solution File, Format Version 12.00
# Visual Studio Version 17
VisualStudioVersion = 17.10.35013.160
MinimumVisualStudioVersion = 10.0.40219.1
Project("{FAE04EC0-301F-11D3-BF4B-00C04F79EFBC}") = "HouseHoldCart", "HouseHoldCart\HouseHoldCart.csproj", "{7055DD1A-289C-4AC5-9E24-7B306C5C95DD}"
EndProject
Project("{FAE04EC0-301F-11D3-BF4B-00C04F79EFBC}") = "HouseHoldCart.Application", "HouseHoldCart.Application\HouseHoldCart.Application.csproj", "{2D871E7D-63DB-4E13-9CB1-6E67CC63FD7A}"
EndProject
Project("{FAE04EC0-301F-11D3-BF4B-00C04F79EFBC}") = "HouseHoldCart.Models", "HouseHoldCart.Models\HouseHoldCart.Models.csproj", "{99A50CC8-F5D9-4C64-9304-EBC37A440048}"
EndProject
Project("{FAE04EC0-301F-11D3-BF4B-00C04F79EFBC}") = "HouseHoldCart.DataAccess", "HouseHoldCart.DataAccess\HouseHoldCart.DataAccess.csproj", "{840D5F97-DE15-4092-A1EA-A05E68A77807}"
EndProject
Global
	GlobalSection(SolutionConfigurationPlatforms) = preSolution
		Debug|Any CPU = Debug|Any CPU
		Release|Any CPU = Release|Any CPU
	EndGlobalSection
	GlobalSection(ProjectConfigurationPlatforms) = postSolution
		{7055DD1A-289C-4AC5-9E24-7B306C5C95DD}.Debug|Any CPU.ActiveCfg = Debug|Any CPU
		{7055DD1A-289C-4AC5-9E24-7B306C5C95DD}.Debug|Any CPU.Build.0 = Debug|Any CPU
		{7055DD1A-289C-4AC5-9E24-7B306C5C95DD}.Release|Any CPU.ActiveCfg = Release|Any CPU
		{7055DD1A-289C-4AC5-9E24-7B306C5C95DD}.Release|Any CPU.Build.0 = Release|Any CPU
		{2D871E7D-63DB-4E13-9CB1-6E67CC63FD7A}.Debug|Any CPU.ActiveCfg = Debug|Any CPU
		{2D871E7D-63DB-4E13-9CB1-6E67CC63FD7A}.Debug|Any CPU.Build.0 = Debug|Any CPU
		{2D871E7D-63DB-4E13-9CB1-6E67CC63FD7A}.Release|Any CPU.ActiveCfg = Release|Any CPU
		{2D871E7D-63DB-4E13-9CB1-6E67CC63FD7A}.Release|Any CPU.Build.0 = Release|Any CPU
		{99A50CC8-F5D9-4C64-9304-EBC37A440048}.Debug|Any CPU.ActiveCfg = Debug|Any CPU
		{99A50CC8-F5D9-4C64-9304-EBC37A440048}.Debug|Any CPU.Build.0 = Debug|Any CPU
		{99A50CC8-F5D9-4C64-9304-EBC37A440048}.Release|Any CPU.ActiveCfg = Release|Any CPU
		{99A50CC8-F5D9-4C64-9304-EBC37A440048}.Release|Any CPU.Build.0 = Release|Any CPU
		{840D5F97-DE15-4092-A1EA-A05E68A77807}.Debug|Any CPU.ActiveCfg = Debug|Any CPU
		{840D5F97-DE15-4092-A1EA-A05E68A77807}.Debug|Any CPU.Build.0 = Debug|Any CPU
		{840D5F97-DE15-4092-A1EA-A05E68A77807}.Release|Any CPU.ActiveCfg = Release|Any CPU
		{840D5F97-DE15-4092-A1EA-A05E68A77807}.Release|Any CPU.Build.0 = Release|Any CPU
	EndGlobalSection
	GlobalSection(SolutionProperties) = preSolution
		HideSolutionNode = FALSE
	EndGlobalSection
	GlobalSection(ExtensibilityGlobals) = postSolution
		SolutionGuid = {856B2CA4-BB17-491F-B748-FE0CBAC6DD4E}
	EndGlobalSection
EndGlobal
